
Microsoft Visual Studio Solution File, Format Version 12.00
# Visual Studio Version 16
VisualStudioVersion = 16.0.30309.148
MinimumVisualStudioVersion = 10.0.40219.1
Project("{FAE04EC0-301F-11D3-BF4B-00C04F79EFBC}") = "FluentINI.Core", "src\FluentINI.Core\FluentINI.Core.csproj", "{2DD1E1ED-42E6-4A7F-9E40-78CA6CD9E346}"
EndProject
Project("{FAE04EC0-301F-11D3-BF4B-00C04F79EFBC}") = "test", "test\test.csproj", "{4DB8D5C8-052A-44B1-85AB-231B7F8CA38C}"
EndProject
Global
	GlobalSection(SolutionConfigurationPlatforms) = preSolution
		Debug|Any CPU = Debug|Any CPU
		Release|Any CPU = Release|Any CPU
	EndGlobalSection
	GlobalSection(ProjectConfigurationPlatforms) = postSolution
		{2DD1E1ED-42E6-4A7F-9E40-78CA6CD9E346}.Debug|Any CPU.ActiveCfg = Debug|Any CPU
		{2DD1E1ED-42E6-4A7F-9E40-78CA6CD9E346}.Debug|Any CPU.Build.0 = Debug|Any CPU
		{2DD1E1ED-42E6-4A7F-9E40-78CA6CD9E346}.Release|Any CPU.ActiveCfg = Release|Any CPU
		{2DD1E1ED-42E6-4A7F-9E40-78CA6CD9E346}.Release|Any CPU.Build.0 = Release|Any CPU
		{4DB8D5C8-052A-44B1-85AB-231B7F8CA38C}.Debug|Any CPU.ActiveCfg = Debug|Any CPU
		{4DB8D5C8-052A-44B1-85AB-231B7F8CA38C}.Debug|Any CPU.Build.0 = Debug|Any CPU
		{4DB8D5C8-052A-44B1-85AB-231B7F8CA38C}.Release|Any CPU.ActiveCfg = Release|Any CPU
		{4DB8D5C8-052A-44B1-85AB-231B7F8CA38C}.Release|Any CPU.Build.0 = Release|Any CPU
	EndGlobalSection
	GlobalSection(SolutionProperties) = preSolution
		HideSolutionNode = FALSE
	EndGlobalSection
	GlobalSection(ExtensibilityGlobals) = postSolution
		SolutionGuid = {FE90396E-1A3B-485E-9E01-AAA1B00CE4A2}
	EndGlobalSection
EndGlobal
